
Microsoft Visual Studio Solution File, Format Version 12.00
# Visual Studio Version 17
VisualStudioVersion = 17.11.35208.52
MinimumVisualStudioVersion = 10.0.40219.1
Project("{9A19103F-16F7-4668-BE54-9A1E7A4F7556}") = "RazorPages_CombineLists", "RazorPages_CombineLists\RazorPages_CombineLists.csproj", "{9B41FC31-5CF9-454B-8191-2C6787D85A9A}"
EndProject
Global
	GlobalSection(SolutionConfigurationPlatforms) = preSolution
		Debug|Any CPU = Debug|Any CPU
		Release|Any CPU = Release|Any CPU
	EndGlobalSection
	GlobalSection(ProjectConfigurationPlatforms) = postSolution
		{9B41FC31-5CF9-454B-8191-2C6787D85A9A}.Debug|Any CPU.ActiveCfg = Debug|Any CPU
		{9B41FC31-5CF9-454B-8191-2C6787D85A9A}.Debug|Any CPU.Build.0 = Debug|Any CPU
		{9B41FC31-5CF9-454B-8191-2C6787D85A9A}.Release|Any CPU.ActiveCfg = Release|Any CPU
		{9B41FC31-5CF9-454B-8191-2C6787D85A9A}.Release|Any CPU.Build.0 = Release|Any CPU
	EndGlobalSection
	GlobalSection(SolutionProperties) = preSolution
		HideSolutionNode = FALSE
	EndGlobalSection
	GlobalSection(ExtensibilityGlobals) = postSolution
		SolutionGuid = {B6DBE2A5-F12B-466A-9761-69451CE8172B}
	EndGlobalSection
EndGlobal
